
Microsoft Visual Studio Solution File, Format Version 12.00
# Visual Studio 15
VisualStudioVersion = 15.0.28307.1169
MinimumVisualStudioVersion = 10.0.40219.1
Project("{FAE04EC0-301F-11D3-BF4B-00C04F79EFBC}") = "extendedClipboardTools", "extendedClipboardTools.csproj", "{0D8D6B64-7348-405D-A91D-070448D91419}"
EndProject
Global
	GlobalSection(SolutionConfigurationPlatforms) = preSolution
		Debug|Any CPU = Debug|Any CPU
		Release|Any CPU = Release|Any CPU
	EndGlobalSection
	GlobalSection(ProjectConfigurationPlatforms) = postSolution
		{0D8D6B64-7348-405D-A91D-070448D91419}.Debug|Any CPU.ActiveCfg = Debug|Any CPU
		{0D8D6B64-7348-405D-A91D-070448D91419}.Debug|Any CPU.Build.0 = Debug|Any CPU
		{0D8D6B64-7348-405D-A91D-070448D91419}.Release|Any CPU.ActiveCfg = Release|Any CPU
		{0D8D6B64-7348-405D-A91D-070448D91419}.Release|Any CPU.Build.0 = Release|Any CPU
	EndGlobalSection
	GlobalSection(SolutionProperties) = preSolution
		HideSolutionNode = FALSE
	EndGlobalSection
	GlobalSection(ExtensibilityGlobals) = postSolution
		SolutionGuid = {C688E5D0-2B28-4F51-92BB-5D8D418F4D7E}
	EndGlobalSection
EndGlobal
